
Microsoft Visual Studio Solution File, Format Version 12.00
# Visual Studio 15
VisualStudioVersion = 15.0.26020.0
MinimumVisualStudioVersion = 10.0.40219.1
Project("{FAE04EC0-301F-11D3-BF4B-00C04F79EFBC}") = "Friday", "Friday\Friday.csproj", "{45A937DA-7EBF-4277-BD9C-AFBFD3120C1B}"
	ProjectSection(ProjectDependencies) = postProject
		{B5C75CA3-AFBF-425E-9634-C7B37D4B489E} = {B5C75CA3-AFBF-425E-9634-C7B37D4B489E}
	EndProjectSection
EndProject
Project("{FAE04EC0-301F-11D3-BF4B-00C04F79EFBC}") = "WebApplication", "..\Azure\WebApplication\WebApplication\WebApplication.csproj", "{B5C75CA3-AFBF-425E-9634-C7B37D4B489E}"
EndProject
Project("{FAE04EC0-301F-11D3-BF4B-00C04F79EFBC}") = "FridayBgTask", "FridayBgTask\FridayBgTask.csproj", "{5C526040-097E-446B-AB1E-C1E9072A63D7}"
EndProject
Project("{FAE04EC0-301F-11D3-BF4B-00C04F79EFBC}") = "FridayLib", "FridayLib\FridayLib.csproj", "{931DC096-C842-44FD-86F8-BD52A4D0225B}"
EndProject
Project("{FAE04EC0-301F-11D3-BF4B-00C04F79EFBC}") = "DiDiLite", "DiDiLite\DiDiLite.csproj", "{513672ED-FAD8-4B2A-A8E9-73300111A7CD}"
EndProject
Project("{FAE04EC0-301F-11D3-BF4B-00C04F79EFBC}") = "UrlmonLibrary", "UrlmonLibrary\UrlmonLibrary.csproj", "{74E88873-63A8-41B5-9E3D-2C3898740E57}"
EndProject
Global
	GlobalSection(SolutionConfigurationPlatforms) = preSolution
		Debug|Any CPU = Debug|Any CPU
		Debug|ARM = Debug|ARM
		Debug|x64 = Debug|x64
		Debug|x86 = Debug|x86
		Release|Any CPU = Release|Any CPU
		Release|ARM = Release|ARM
		Release|x64 = Release|x64
		Release|x86 = Release|x86
	EndGlobalSection
	GlobalSection(ProjectConfigurationPlatforms) = postSolution
		{45A937DA-7EBF-4277-BD9C-AFBFD3120C1B}.Debug|Any CPU.ActiveCfg = Debug|x86
		{45A937DA-7EBF-4277-BD9C-AFBFD3120C1B}.Debug|ARM.ActiveCfg = Debug|ARM
		{45A937DA-7EBF-4277-BD9C-AFBFD3120C1B}.Debug|ARM.Build.0 = Debug|ARM
		{45A937DA-7EBF-4277-BD9C-AFBFD3120C1B}.Debug|ARM.Deploy.0 = Debug|ARM
		{45A937DA-7EBF-4277-BD9C-AFBFD3120C1B}.Debug|x64.ActiveCfg = Debug|x64
		{45A937DA-7EBF-4277-BD9C-AFBFD3120C1B}.Debug|x64.Build.0 = Debug|x64
		{45A937DA-7EBF-4277-BD9C-AFBFD3120C1B}.Debug|x64.Deploy.0 = Debug|x64
		{45A937DA-7EBF-4277-BD9C-AFBFD3120C1B}.Debug|x86.ActiveCfg = Debug|x86
		{45A937DA-7EBF-4277-BD9C-AFBFD3120C1B}.Debug|x86.Build.0 = Debug|x86
		{45A937DA-7EBF-4277-BD9C-AFBFD3120C1B}.Debug|x86.Deploy.0 = Debug|x86
		{45A937DA-7EBF-4277-BD9C-AFBFD3120C1B}.Release|Any CPU.ActiveCfg = Release|x86
		{45A937DA-7EBF-4277-BD9C-AFBFD3120C1B}.Release|ARM.ActiveCfg = Release|ARM
		{45A937DA-7EBF-4277-BD9C-AFBFD3120C1B}.Release|ARM.Build.0 = Release|ARM
		{45A937DA-7EBF-4277-BD9C-AFBFD3120C1B}.Release|ARM.Deploy.0 = Release|ARM
		{45A937DA-7EBF-4277-BD9C-AFBFD3120C1B}.Release|x64.ActiveCfg = Release|x64
		{45A937DA-7EBF-4277-BD9C-AFBFD3120C1B}.Release|x64.Build.0 = Release|x64
		{45A937DA-7EBF-4277-BD9C-AFBFD3120C1B}.Release|x64.Deploy.0 = Release|x64
		{45A937DA-7EBF-4277-BD9C-AFBFD3120C1B}.Release|x86.ActiveCfg = Release|x86
		{45A937DA-7EBF-4277-BD9C-AFBFD3120C1B}.Release|x86.Build.0 = Release|x86
		{45A937DA-7EBF-4277-BD9C-AFBFD3120C1B}.Release|x86.Deploy.0 = Release|x86
		{B5C75CA3-AFBF-425E-9634-C7B37D4B489E}.Debug|Any CPU.ActiveCfg = Debug|Any CPU
		{B5C75CA3-AFBF-425E-9634-C7B37D4B489E}.Debug|Any CPU.Build.0 = Debug|Any CPU
		{B5C75CA3-AFBF-425E-9634-C7B37D4B489E}.Debug|ARM.ActiveCfg = Debug|Any CPU
		{B5C75CA3-AFBF-425E-9634-C7B37D4B489E}.Debug|ARM.Build.0 = Debug|Any CPU
		{B5C75CA3-AFBF-425E-9634-C7B37D4B489E}.Debug|x64.ActiveCfg = Debug|Any CPU
		{B5C75CA3-AFBF-425E-9634-C7B37D4B489E}.Debug|x64.Build.0 = Debug|Any CPU
		{B5C75CA3-AFBF-425E-9634-C7B37D4B489E}.Debug|x86.ActiveCfg = Debug|Any CPU
		{B5C75CA3-AFBF-425E-9634-C7B37D4B489E}.Debug|x86.Build.0 = Debug|Any CPU
		{B5C75CA3-AFBF-425E-9634-C7B37D4B489E}.Release|Any CPU.ActiveCfg = Release|Any CPU
		{B5C75CA3-AFBF-425E-9634-C7B37D4B489E}.Release|Any CPU.Build.0 = Release|Any CPU
		{B5C75CA3-AFBF-425E-9634-C7B37D4B489E}.Release|ARM.ActiveCfg = Release|Any CPU
		{B5C75CA3-AFBF-425E-9634-C7B37D4B489E}.Release|ARM.Build.0 = Release|Any CPU
		{B5C75CA3-AFBF-425E-9634-C7B37D4B489E}.Release|x64.ActiveCfg = Release|Any CPU
		{B5C75CA3-AFBF-425E-9634-C7B37D4B489E}.Release|x64.Build.0 = Release|Any CPU
		{B5C75CA3-AFBF-425E-9634-C7B37D4B489E}.Release|x86.ActiveCfg = Release|Any CPU
		{B5C75CA3-AFBF-425E-9634-C7B37D4B489E}.Release|x86.Build.0 = Release|Any CPU
		{5C526040-097E-446B-AB1E-C1E9072A63D7}.Debug|Any CPU.ActiveCfg = Debug|Any CPU
		{5C526040-097E-446B-AB1E-C1E9072A63D7}.Debug|Any CPU.Build.0 = Debug|Any CPU
		{5C526040-097E-446B-AB1E-C1E9072A63D7}.Debug|ARM.ActiveCfg = Debug|ARM
		{5C526040-097E-446B-AB1E-C1E9072A63D7}.Debug|ARM.Build.0 = Debug|ARM
		{5C526040-097E-446B-AB1E-C1E9072A63D7}.Debug|x64.ActiveCfg = Debug|x64
		{5C526040-097E-446B-AB1E-C1E9072A63D7}.Debug|x64.Build.0 = Debug|x64
		{5C526040-097E-446B-AB1E-C1E9072A63D7}.Debug|x86.ActiveCfg = Debug|x86
		{5C526040-097E-446B-AB1E-C1E9072A63D7}.Debug|x86.Build.0 = Debug|x86
		{5C526040-097E-446B-AB1E-C1E9072A63D7}.Release|Any CPU.ActiveCfg = Release|Any CPU
		{5C526040-097E-446B-AB1E-C1E9072A63D7}.Release|Any CPU.Build.0 = Release|Any CPU
		{5C526040-097E-446B-AB1E-C1E9072A63D7}.Release|ARM.ActiveCfg = Release|ARM
		{5C526040-097E-446B-AB1E-C1E9072A63D7}.Release|ARM.Build.0 = Release|ARM
		{5C526040-097E-446B-AB1E-C1E9072A63D7}.Release|x64.ActiveCfg = Release|x64
		{5C526040-097E-446B-AB1E-C1E9072A63D7}.Release|x64.Build.0 = Release|x64
		{5C526040-097E-446B-AB1E-C1E9072A63D7}.Release|x86.ActiveCfg = Release|x86
		{5C526040-097E-446B-AB1E-C1E9072A63D7}.Release|x86.Build.0 = Release|x86
		{931DC096-C842-44FD-86F8-BD52A4D0225B}.Debug|Any CPU.ActiveCfg = Debug|Any CPU
		{931DC096-C842-44FD-86F8-BD52A4D0225B}.Debug|Any CPU.Build.0 = Debug|Any CPU
		{931DC096-C842-44FD-86F8-BD52A4D0225B}.Debug|ARM.ActiveCfg = Debug|ARM
		{931DC096-C842-44FD-86F8-BD52A4D0225B}.Debug|ARM.Build.0 = Debug|ARM
		{931DC096-C842-44FD-86F8-BD52A4D0225B}.Debug|x64.ActiveCfg = Debug|x64
		{931DC096-C842-44FD-86F8-BD52A4D0225B}.Debug|x64.Build.0 = Debug|x64
		{931DC096-C842-44FD-86F8-BD52A4D0225B}.Debug|x86.ActiveCfg = Debug|x86
		{931DC096-C842-44FD-86F8-BD52A4D0225B}.Debug|x86.Build.0 = Debug|x86
		{931DC096-C842-44FD-86F8-BD52A4D0225B}.Release|Any CPU.ActiveCfg = Release|Any CPU
		{931DC096-C842-44FD-86F8-BD52A4D0225B}.Release|Any CPU.Build.0 = Release|Any CPU
		{931DC096-C842-44FD-86F8-BD52A4D0225B}.Release|ARM.ActiveCfg = Release|ARM
		{931DC096-C842-44FD-86F8-BD52A4D0225B}.Release|ARM.Build.0 = Release|ARM
		{931DC096-C842-44FD-86F8-BD52A4D0225B}.Release|x64.ActiveCfg = Release|x64
		{931DC096-C842-44FD-86F8-BD52A4D0225B}.Release|x64.Build.0 = Release|x64
		{931DC096-C842-44FD-86F8-BD52A4D0225B}.Release|x86.ActiveCfg = Release|x86
		{931DC096-C842-44FD-86F8-BD52A4D0225B}.Release|x86.Build.0 = Release|x86
		{513672ED-FAD8-4B2A-A8E9-73300111A7CD}.Debug|Any CPU.ActiveCfg = Debug|x86
		{513672ED-FAD8-4B2A-A8E9-73300111A7CD}.Debug|ARM.ActiveCfg = Debug|ARM
		{513672ED-FAD8-4B2A-A8E9-73300111A7CD}.Debug|ARM.Build.0 = Debug|ARM
		{513672ED-FAD8-4B2A-A8E9-73300111A7CD}.Debug|ARM.Deploy.0 = Debug|ARM
		{513672ED-FAD8-4B2A-A8E9-73300111A7CD}.Debug|x64.ActiveCfg = Debug|x64
		{513672ED-FAD8-4B2A-A8E9-73300111A7CD}.Debug|x64.Build.0 = Debug|x64
		{513672ED-FAD8-4B2A-A8E9-73300111A7CD}.Debug|x64.Deploy.0 = Debug|x64
		{513672ED-FAD8-4B2A-A8E9-73300111A7CD}.Debug|x86.ActiveCfg = Debug|x86
		{513672ED-FAD8-4B2A-A8E9-73300111A7CD}.Debug|x86.Build.0 = Debug|x86
		{513672ED-FAD8-4B2A-A8E9-73300111A7CD}.Debug|x86.Deploy.0 = Debug|x86
		{513672ED-FAD8-4B2A-A8E9-73300111A7CD}.Release|Any CPU.ActiveCfg = Release|x86
		{513672ED-FAD8-4B2A-A8E9-73300111A7CD}.Release|ARM.ActiveCfg = Release|ARM
		{513672ED-FAD8-4B2A-A8E9-73300111A7CD}.Release|ARM.Build.0 = Release|ARM
		{513672ED-FAD8-4B2A-A8E9-73300111A7CD}.Release|ARM.Deploy.0 = Release|ARM
		{513672ED-FAD8-4B2A-A8E9-73300111A7CD}.Release|x64.ActiveCfg = Release|x64
		{513672ED-FAD8-4B2A-A8E9-73300111A7CD}.Release|x64.Build.0 = Release|x64
		{513672ED-FAD8-4B2A-A8E9-73300111A7CD}.Release|x64.Deploy.0 = Release|x64
		{513672ED-FAD8-4B2A-A8E9-73300111A7CD}.Release|x86.ActiveCfg = Release|x86
		{513672ED-FAD8-4B2A-A8E9-73300111A7CD}.Release|x86.Build.0 = Release|x86
		{513672ED-FAD8-4B2A-A8E9-73300111A7CD}.Release|x86.Deploy.0 = Release|x86
		{74E88873-63A8-41B5-9E3D-2C3898740E57}.Debug|Any CPU.ActiveCfg = Debug|Any CPU
		{74E88873-63A8-41B5-9E3D-2C3898740E57}.Debug|Any CPU.Build.0 = Debug|Any CPU
		{74E88873-63A8-41B5-9E3D-2C3898740E57}.Debug|ARM.ActiveCfg = Debug|ARM
		{74E88873-63A8-41B5-9E3D-2C3898740E57}.Debug|ARM.Build.0 = Debug|ARM
		{74E88873-63A8-41B5-9E3D-2C3898740E57}.Debug|x64.ActiveCfg = Debug|x64
		{74E88873-63A8-41B5-9E3D-2C3898740E57}.Debug|x64.Build.0 = Debug|x64
		{74E88873-63A8-41B5-9E3D-2C3898740E57}.Debug|x86.ActiveCfg = Debug|x86
		{74E88873-63A8-41B5-9E3D-2C3898740E57}.Debug|x86.Build.0 = Debug|x86
		{74E88873-63A8-41B5-9E3D-2C3898740E57}.Release|Any CPU.ActiveCfg = Release|Any CPU
		{74E88873-63A8-41B5-9E3D-2C3898740E57}.Release|Any CPU.Build.0 = Release|Any CPU
		{74E88873-63A8-41B5-9E3D-2C3898740E57}.Release|ARM.ActiveCfg = Release|ARM
		{74E88873-63A8-41B5-9E3D-2C3898740E57}.Release|ARM.Build.0 = Release|ARM
		{74E88873-63A8-41B5-9E3D-2C3898740E57}.Release|x64.ActiveCfg = Release|x64
		{74E88873-63A8-41B5-9E3D-2C3898740E57}.Release|x64.Build.0 = Release|x64
		{74E88873-63A8-41B5-9E3D-2C3898740E57}.Release|x86.ActiveCfg = Release|x86
		{74E88873-63A8-41B5-9E3D-2C3898740E57}.Release|x86.Build.0 = Release|x86
	EndGlobalSection
	GlobalSection(SolutionProperties) = preSolution
		HideSolutionNode = FALSE
	EndGlobalSection
EndGlobal
